
Microsoft Visual Studio Solution File, Format Version 12.00
# Visual Studio 15
Project("{FAE04EC0-301F-11D3-BF4B-00C04F79EFBC}") = "Gameplay.Scripts", "Gameplay.Scripts.csproj", "{2FF20328-004D-F15A-5ACD-F16251043B49}"
EndProject
Project("{FAE04EC0-301F-11D3-BF4B-00C04F79EFBC}") = "_Gamplay.Scipts.PenScripts", "_Gamplay.Scipts.PenScripts.csproj", "{E4A6B2E0-1DDA-4177-7C0F-C83CAF017417}"
EndProject
Project("{FAE04EC0-301F-11D3-BF4B-00C04F79EFBC}") = "_Gameplay.External", "_Gameplay.External.csproj", "{E129B6D1-E526-2BEE-FD26-73791BEDD6C8}"
EndProject
Project("{FAE04EC0-301F-11D3-BF4B-00C04F79EFBC}") = "FMODUnity", "FMODUnity.csproj", "{3263134D-84B2-DCAA-3A26-B162F48D5F73}"
EndProject
Project("{FAE04EC0-301F-11D3-BF4B-00C04F79EFBC}") = "FMODUnityResonance", "FMODUnityResonance.csproj", "{93A12D28-BFB8-F7E8-A6ED-60673DD77CCB}"
EndProject
Project("{FAE04EC0-301F-11D3-BF4B-00C04F79EFBC}") = "FMODUnityEditor", "FMODUnityEditor.csproj", "{D07EFC67-D01C-7016-92BE-C4FE0B20A189}"
EndProject
Project("{FAE04EC0-301F-11D3-BF4B-00C04F79EFBC}") = "FMODUnityResonanceEditor", "FMODUnityResonanceEditor.csproj", "{F775DD2D-6B9E-C573-6D38-AE221D218283}"
EndProject
Global
	GlobalSection(SolutionConfigurationPlatforms) = preSolution
		Debug|Any CPU = Debug|Any CPU
		Release|Any CPU = Release|Any CPU
	EndGlobalSection
	GlobalSection(ProjectConfigurationPlatforms) = postSolution
		{2FF20328-004D-F15A-5ACD-F16251043B49}.Debug|Any CPU.ActiveCfg = Debug|Any CPU
		{2FF20328-004D-F15A-5ACD-F16251043B49}.Debug|Any CPU.Build.0 = Debug|Any CPU
		{2FF20328-004D-F15A-5ACD-F16251043B49}.Release|Any CPU.ActiveCfg = Release|Any CPU
		{2FF20328-004D-F15A-5ACD-F16251043B49}.Release|Any CPU.Build.0 = Release|Any CPU
		{E4A6B2E0-1DDA-4177-7C0F-C83CAF017417}.Debug|Any CPU.ActiveCfg = Debug|Any CPU
		{E4A6B2E0-1DDA-4177-7C0F-C83CAF017417}.Debug|Any CPU.Build.0 = Debug|Any CPU
		{E4A6B2E0-1DDA-4177-7C0F-C83CAF017417}.Release|Any CPU.ActiveCfg = Release|Any CPU
		{E4A6B2E0-1DDA-4177-7C0F-C83CAF017417}.Release|Any CPU.Build.0 = Release|Any CPU
		{E129B6D1-E526-2BEE-FD26-73791BEDD6C8}.Debug|Any CPU.ActiveCfg = Debug|Any CPU
		{E129B6D1-E526-2BEE-FD26-73791BEDD6C8}.Debug|Any CPU.Build.0 = Debug|Any CPU
		{E129B6D1-E526-2BEE-FD26-73791BEDD6C8}.Release|Any CPU.ActiveCfg = Release|Any CPU
		{E129B6D1-E526-2BEE-FD26-73791BEDD6C8}.Release|Any CPU.Build.0 = Release|Any CPU
		{3263134D-84B2-DCAA-3A26-B162F48D5F73}.Debug|Any CPU.ActiveCfg = Debug|Any CPU
		{3263134D-84B2-DCAA-3A26-B162F48D5F73}.Debug|Any CPU.Build.0 = Debug|Any CPU
		{3263134D-84B2-DCAA-3A26-B162F48D5F73}.Release|Any CPU.ActiveCfg = Release|Any CPU
		{3263134D-84B2-DCAA-3A26-B162F48D5F73}.Release|Any CPU.Build.0 = Release|Any CPU
		{93A12D28-BFB8-F7E8-A6ED-60673DD77CCB}.Debug|Any CPU.ActiveCfg = Debug|Any CPU
		{93A12D28-BFB8-F7E8-A6ED-60673DD77CCB}.Debug|Any CPU.Build.0 = Debug|Any CPU
		{93A12D28-BFB8-F7E8-A6ED-60673DD77CCB}.Release|Any CPU.ActiveCfg = Release|Any CPU
		{93A12D28-BFB8-F7E8-A6ED-60673DD77CCB}.Release|Any CPU.Build.0 = Release|Any CPU
		{D07EFC67-D01C-7016-92BE-C4FE0B20A189}.Debug|Any CPU.ActiveCfg = Debug|Any CPU
		{D07EFC67-D01C-7016-92BE-C4FE0B20A189}.Debug|Any CPU.Build.0 = Debug|Any CPU
		{D07EFC67-D01C-7016-92BE-C4FE0B20A189}.Release|Any CPU.ActiveCfg = Release|Any CPU
		{D07EFC67-D01C-7016-92BE-C4FE0B20A189}.Release|Any CPU.Build.0 = Release|Any CPU
		{F775DD2D-6B9E-C573-6D38-AE221D218283}.Debug|Any CPU.ActiveCfg = Debug|Any CPU
		{F775DD2D-6B9E-C573-6D38-AE221D218283}.Debug|Any CPU.Build.0 = Debug|Any CPU
		{F775DD2D-6B9E-C573-6D38-AE221D218283}.Release|Any CPU.ActiveCfg = Release|Any CPU
		{F775DD2D-6B9E-C573-6D38-AE221D218283}.Release|Any CPU.Build.0 = Release|Any CPU
	EndGlobalSection
	GlobalSection(SolutionProperties) = preSolution
		HideSolutionNode = FALSE
	EndGlobalSection
EndGlobal
